// !$*UTF8*$!
{
	archiveVersion = 1;
	classes = {
	};
	objectVersion = 46;
	objects = {

/* Begin PBXBuildFile section */
		14D7F9D320792487005C4116 /* main.cpp in Sources */ = {isa = PBXBuildFile; fileRef = 14D7F9D220792487005C4116 /* main.cpp */; };
		14D7FA12207925C3005C4116 /* libglfw3.a in Frameworks */ = {isa = PBXBuildFile; fileRef = 14D7FA11207925C3005C4116 /* libglfw3.a */; };
		14D7FA14207925C8005C4116 /* Cocoa.framework in Frameworks */ = {isa = PBXBuildFile; fileRef = 14D7FA13207925C8005C4116 /* Cocoa.framework */; };
		14D7FA16207925D0005C4116 /* CoreVideo.framework in Frameworks */ = {isa = PBXBuildFile; fileRef = 14D7FA15207925D0005C4116 /* CoreVideo.framework */; };
		14D7FA18207925D5005C4116 /* IOKit.framework in Frameworks */ = {isa = PBXBuildFile; fileRef = 14D7FA17207925D5005C4116 /* IOKit.framework */; };
		14D7FA1A207925DA005C4116 /* OpenGL.framework in Frameworks */ = {isa = PBXBuildFile; fileRef = 14D7FA19207925DA005C4116 /* OpenGL.framework */; };
		14D7FA4620792812005C4116 /* Camera.cpp in Sources */ = {isa = PBXBuildFile; fileRef = 14D7FA3520792812005C4116 /* Camera.cpp */; };
		14D7FA4720792812005C4116 /* glad.c in Sources */ = {isa = PBXBuildFile; fileRef = 14D7FA3920792812005C4116 /* glad.c */; };
		14D7FA4820792812005C4116 /* GLErrorCheck.cpp in Sources */ = {isa = PBXBuildFile; fileRef = 14D7FA3A20792812005C4116 /* GLErrorCheck.cpp */; };
		14D7FA4920792812005C4116 /* Shader.cpp in Sources */ = {isa = PBXBuildFile; fileRef = 14D7FA3C20792812005C4116 /* Shader.cpp */; };
		14D7FA4A20792812005C4116 /* Texture.cpp in Sources */ = {isa = PBXBuildFile; fileRef = 14D7FA3F20792812005C4116 /* Texture.cpp */; };
		14D7FA4B20792812005C4116 /* Transform.cpp in Sources */ = {isa = PBXBuildFile; fileRef = 14D7FA4120792812005C4116 /* Transform.cpp */; };
		14D7FA4C20792812005C4116 /* Window.cpp in Sources */ = {isa = PBXBuildFile; fileRef = 14D7FA4420792812005C4116 /* Window.cpp */; };
/* End PBXBuildFile section */

/* Begin PBXCopyFilesBuildPhase section */
		14D7F9CD20792487005C4116 /* CopyFiles */ = {
			isa = PBXCopyFilesBuildPhase;
			buildActionMask = 2147483647;
			dstPath = /usr/share/man/man1/;
			dstSubfolderSpec = 0;
			files = (
			);
			runOnlyForDeploymentPostprocessing = 1;
		};
/* End PBXCopyFilesBuildPhase section */

/* Begin PBXFileReference section */
		14D7F9CF20792487005C4116 /* Camera_Ex01 */ = {isa = PBXFileReference; explicitFileType = "compiled.mach-o.executable"; includeInIndex = 0; path = Camera_Ex01; sourceTree = BUILT_PRODUCTS_DIR; };
		14D7F9D220792487005C4116 /* main.cpp */ = {isa = PBXFileReference; lastKnownFileType = sourcecode.cpp.cpp; path = main.cpp; sourceTree = "<group>"; };
		14D7FA11207925C3005C4116 /* libglfw3.a */ = {isa = PBXFileReference; lastKnownFileType = archive.ar; name = libglfw3.a; path = ../../../../../../../usr/local/lib/libglfw3.a; sourceTree = "<group>"; };
		14D7FA13207925C8005C4116 /* Cocoa.framework */ = {isa = PBXFileReference; lastKnownFileType = wrapper.framework; name = Cocoa.framework; path = System/Library/Frameworks/Cocoa.framework; sourceTree = SDKROOT; };
		14D7FA15207925D0005C4116 /* CoreVideo.framework */ = {isa = PBXFileReference; lastKnownFileType = wrapper.framework; name = CoreVideo.framework; path = System/Library/Frameworks/CoreVideo.framework; sourceTree = SDKROOT; };
		14D7FA17207925D5005C4116 /* IOKit.framework */ = {isa = PBXFileReference; lastKnownFileType = wrapper.framework; name = IOKit.framework; path = System/Library/Frameworks/IOKit.framework; sourceTree = SDKROOT; };
		14D7FA19207925DA005C4116 /* OpenGL.framework */ = {isa = PBXFileReference; lastKnownFileType = wrapper.framework; name = OpenGL.framework; path = System/Library/Frameworks/OpenGL.framework; sourceTree = SDKROOT; };
		14D7FA3420792812005C4116 /* awesomeface.png */ = {isa = PBXFileReference; lastKnownFileType = image.png; path = awesomeface.png; sourceTree = "<group>"; };
		14D7FA3520792812005C4116 /* Camera.cpp */ = {isa = PBXFileReference; fileEncoding = 4; lastKnownFileType = sourcecode.cpp.cpp; path = Camera.cpp; sourceTree = "<group>"; };
		14D7FA3620792812005C4116 /* Camera.hpp */ = {isa = PBXFileReference; fileEncoding = 4; lastKnownFileType = sourcecode.cpp.h; path = Camera.hpp; sourceTree = "<group>"; };
		14D7FA3720792812005C4116 /* container.jpg */ = {isa = PBXFileReference; lastKnownFileType = image.jpeg; path = container.jpg; sourceTree = "<group>"; };
		14D7FA3820792812005C4116 /* fs.glsl */ = {isa = PBXFileReference; fileEncoding = 4; lastKnownFileType = text; path = fs.glsl; sourceTree = "<group>"; };
		14D7FA3920792812005C4116 /* glad.c */ = {isa = PBXFileReference; fileEncoding = 4; lastKnownFileType = sourcecode.c.c; path = glad.c; sourceTree = "<group>"; };
		14D7FA3A20792812005C4116 /* GLErrorCheck.cpp */ = {isa = PBXFileReference; fileEncoding = 4; lastKnownFileType = sourcecode.cpp.cpp; path = GLErrorCheck.cpp; sourceTree = "<group>"; };
		14D7FA3B20792812005C4116 /* GLErrorCheck.hpp */ = {isa = PBXFileReference; fileEncoding = 4; lastKnownFileType = sourcecode.cpp.h; path = GLErrorCheck.hpp; sourceTree = "<group>"; };
		14D7FA3C20792812005C4116 /* Shader.cpp */ = {isa = PBXFileReference; fileEncoding = 4; lastKnownFileType = sourcecode.cpp.cpp; path = Shader.cpp; sourceTree = "<group>"; };
		14D7FA3D20792812005C4116 /* Shader.hpp */ = {isa = PBXFileReference; fileEncoding = 4; lastKnownFileType = sourcecode.cpp.h; path = Shader.hpp; sourceTree = "<group>"; };
		14D7FA3E20792812005C4116 /* stb_image.h */ = {isa = PBXFileReference; fileEncoding = 4; lastKnownFileType = sourcecode.c.h; path = stb_image.h; sourceTree = "<group>"; };
		14D7FA3F20792812005C4116 /* Texture.cpp */ = {isa = PBXFileReference; fileEncoding = 4; lastKnownFileType = sourcecode.cpp.cpp; path = Texture.cpp; sourceTree = "<group>"; };
		14D7FA4020792812005C4116 /* Texture.hpp */ = {isa = PBXFileReference; fileEncoding = 4; lastKnownFileType = sourcecode.cpp.h; path = Texture.hpp; sourceTree = "<group>"; };
		14D7FA4120792812005C4116 /* Transform.cpp */ = {isa = PBXFileReference; fileEncoding = 4; lastKnownFileType = sourcecode.cpp.cpp; path = Transform.cpp; sourceTree = "<group>"; };
		14D7FA4220792812005C4116 /* Transform.hpp */ = {isa = PBXFileReference; fileEncoding = 4; lastKnownFileType = sourcecode.cpp.h; path = Transform.hpp; sourceTree = "<group>"; };
		14D7FA4320792812005C4116 /* vs.glsl */ = {isa = PBXFileReference; fileEncoding = 4; lastKnownFileType = text; path = vs.glsl; sourceTree = "<group>"; };
		14D7FA4420792812005C4116 /* Window.cpp */ = {isa = PBXFileReference; fileEncoding = 4; lastKnownFileType = sourcecode.cpp.cpp; path = Window.cpp; sourceTree = "<group>"; };
		14D7FA4520792812005C4116 /* Window.hpp */ = {isa = PBXFileReference; fileEncoding = 4; lastKnownFileType = sourcecode.cpp.h; path = Window.hpp; sourceTree = "<group>"; };
/* End PBXFileReference section */

/* Begin PBXFrameworksBuildPhase section */
		14D7F9CC20792487005C4116 /* Frameworks */ = {
			isa = PBXFrameworksBuildPhase;
			buildActionMask = 2147483647;
			files = (
				14D7FA1A207925DA005C4116 /* OpenGL.framework in Frameworks */,
				14D7FA18207925D5005C4116 /* IOKit.framework in Frameworks */,
				14D7FA16207925D0005C4116 /* CoreVideo.framework in Frameworks */,
				14D7FA14207925C8005C4116 /* Cocoa.framework in Frameworks */,
				14D7FA12207925C3005C4116 /* libglfw3.a in Frameworks */,
			);
			runOnlyForDeploymentPostprocessing = 0;
		};
/* End PBXFrameworksBuildPhase section */

/* Begin PBXGroup section */
		14D7F9C620792487005C4116 = {
			isa = PBXGroup;
			children = (
				14D7F9D120792487005C4116 /* Camera_Ex01 */,
				14D7F9D020792487005C4116 /* Products */,
				14D7FA10207925C3005C4116 /* Frameworks */,
			);
			sourceTree = "<group>";
		};
		14D7F9D020792487005C4116 /* Products */ = {
			isa = PBXGroup;
			children = (
				14D7F9CF20792487005C4116 /* Camera_Ex01 */,
			);
			name = Products;
			sourceTree = "<group>";
		};
		14D7F9D120792487005C4116 /* Camera_Ex01 */ = {
			isa = PBXGroup;
			children = (
				14D7FA3420792812005C4116 /* awesomeface.png */,
				14D7FA3720792812005C4116 /* container.jpg */,
				14D7FA3920792812005C4116 /* glad.c */,
				14D7FA3E20792812005C4116 /* stb_image.h */,
				14D7FA4320792812005C4116 /* vs.glsl */,
				14D7FA3820792812005C4116 /* fs.glsl */,
				14D7FA3520792812005C4116 /* Camera.cpp */,
				14D7FA3620792812005C4116 /* Camera.hpp */,
				14D7FA3A20792812005C4116 /* GLErrorCheck.cpp */,
				14D7FA3B20792812005C4116 /* GLErrorCheck.hpp */,
				14D7FA3C20792812005C4116 /* Shader.cpp */,
				14D7FA3D20792812005C4116 /* Shader.hpp */,
				14D7FA3F20792812005C4116 /* Texture.cpp */,
				14D7FA4020792812005C4116 /* Texture.hpp */,
				14D7FA4120792812005C4116 /* Transform.cpp */,
				14D7FA4220792812005C4116 /* Transform.hpp */,
				14D7FA4420792812005C4116 /* Window.cpp */,
				14D7FA4520792812005C4116 /* Window.hpp */,
				14D7F9D220792487005C4116 /* main.cpp */,
			);
			path = Camera_Ex01;
			sourceTree = "<group>";
		};
		14D7FA10207925C3005C4116 /* Frameworks */ = {
			isa = PBXGroup;
			children = (
				14D7FA19207925DA005C4116 /* OpenGL.framework */,
				14D7FA17207925D5005C4116 /* IOKit.framework */,
				14D7FA15207925D0005C4116 /* CoreVideo.framework */,
				14D7FA13207925C8005C4116 /* Cocoa.framework */,
				14D7FA11207925C3005C4116 /* libglfw3.a */,
			);
			name = Frameworks;
			sourceTree = "<group>";
		};
/* End PBXGroup section */

/* Begin PBXNativeTarget section */
		14D7F9CE20792487005C4116 /* Camera_Ex01 */ = {
			isa = PBXNativeTarget;
			buildConfigurationList = 14D7F9D620792487005C4116 /* Build configuration list for PBXNativeTarget "Camera_Ex01" */;
			buildPhases = (
				14D7F9CB20792487005C4116 /* Sources */,
				14D7F9CC20792487005C4116 /* Frameworks */,
				14D7F9CD20792487005C4116 /* CopyFiles */,
			);
			buildRules = (
			);
			dependencies = (
			);
			name = Camera_Ex01;
			productName = Camera_Ex01;
			productReference = 14D7F9CF20792487005C4116 /* Camera_Ex01 */;
			productType = "com.apple.product-type.tool";
		};
/* End PBXNativeTarget section */

/* Begin PBXProject section */
		14D7F9C720792487005C4116 /* Project object */ = {
			isa = PBXProject;
			attributes = {
				LastUpgradeCheck = 0830;
				ORGANIZATIONNAME = shenyuanluo;
				TargetAttributes = {
					14D7F9CE20792487005C4116 = {
						CreatedOnToolsVersion = 8.3.3;
						ProvisioningStyle = Automatic;
					};
				};
			};
			buildConfigurationList = 14D7F9CA20792487005C4116 /* Build configuration list for PBXProject "Camera_Ex01" */;
			compatibilityVersion = "Xcode 3.2";
			developmentRegion = English;
			hasScannedForEncodings = 0;
			knownRegions = (
				en,
			);
			mainGroup = 14D7F9C620792487005C4116;
			productRefGroup = 14D7F9D020792487005C4116 /* Products */;
			projectDirPath = "";
			projectRoot = "";
			targets = (
				14D7F9CE20792487005C4116 /* Camera_Ex01 */,
			);
		};
/* End PBXProject section */

/* Begin PBXSourcesBuildPhase section */
		14D7F9CB20792487005C4116 /* Sources */ = {
			isa = PBXSourcesBuildPhase;
			buildActionMask = 2147483647;
			files = (
				14D7FA4B20792812005C4116 /* Transform.cpp in Sources */,
				14D7FA4820792812005C4116 /* GLErrorCheck.cpp in Sources */,
				14D7FA4620792812005C4116 /* Camera.cpp in Sources */,
				14D7FA4C20792812005C4116 /* Window.cpp in Sources */,
				14D7F9D320792487005C4116 /* main.cpp in Sources */,
				14D7FA4A20792812005C4116 /* Texture.cpp in Sources */,
				14D7FA4720792812005C4116 /* glad.c in Sources */,
				14D7FA4920792812005C4116 /* Shader.cpp in Sources */,
			);
			runOnlyForDeploymentPostprocessing = 0;
		};
/* End PBXSourcesBuildPhase section */

/* Begin XCBuildConfiguration section */
		14D7F9D420792487005C4116 /* Debug */ = {
			isa = XCBuildConfiguration;
			buildSettings = {
				ALWAYS_SEARCH_USER_PATHS = NO;
				CLANG_ANALYZER_NONNULL = YES;
				CLANG_ANALYZER_NUMBER_OBJECT_CONVERSION = YES_AGGRESSIVE;
				CLANG_CXX_LANGUAGE_STANDARD = "gnu++0x";
				CLANG_CXX_LIBRARY = "libc++";
				CLANG_ENABLE_MODULES = YES;
				CLANG_ENABLE_OBJC_ARC = YES;
				CLANG_WARN_BOOL_CONVERSION = YES;
				CLANG_WARN_CONSTANT_CONVERSION = YES;
				CLANG_WARN_DIRECT_OBJC_ISA_USAGE = YES_ERROR;
				CLANG_WARN_DOCUMENTATION_COMMENTS = YES;
				CLANG_WARN_EMPTY_BODY = YES;
				CLANG_WARN_ENUM_CONVERSION = YES;
				CLANG_WARN_INFINITE_RECURSION = YES;
				CLANG_WARN_INT_CONVERSION = YES;
				CLANG_WARN_OBJC_ROOT_CLASS = YES_ERROR;
				CLANG_WARN_SUSPICIOUS_MOVE = YES;
				CLANG_WARN_UNREACHABLE_CODE = YES;
				CLANG_WARN__DUPLICATE_METHOD_MATCH = YES;
				CODE_SIGN_IDENTITY = "-";
				COPY_PHASE_STRIP = NO;
				DEBUG_INFORMATION_FORMAT = dwarf;
				ENABLE_STRICT_OBJC_MSGSEND = YES;
				ENABLE_TESTABILITY = YES;
				GCC_C_LANGUAGE_STANDARD = gnu99;
				GCC_DYNAMIC_NO_PIC = NO;
				GCC_NO_COMMON_BLOCKS = YES;
				GCC_OPTIMIZATION_LEVEL = 0;
				GCC_PREPROCESSOR_DEFINITIONS = (
					"DEBUG=1",
					"$(inherited)",
				);
				GCC_WARN_64_TO_32_BIT_CONVERSION = YES;
				GCC_WARN_ABOUT_RETURN_TYPE = YES_ERROR;
				GCC_WARN_UNDECLARED_SELECTOR = YES;
				GCC_WARN_UNINITIALIZED_AUTOS = YES_AGGRESSIVE;
				GCC_WARN_UNUSED_FUNCTION = YES;
				GCC_WARN_UNUSED_VARIABLE = YES;
				MACOSX_DEPLOYMENT_TARGET = 10.12;
				MTL_ENABLE_DEBUG_INFO = YES;
				ONLY_ACTIVE_ARCH = YES;
				SDKROOT = macosx;
			};
			name = Debug;
		};
		14D7F9D520792487005C4116 /* Release */ = {
			isa = XCBuildConfiguration;
			buildSettings = {
				ALWAYS_SEARCH_USER_PATHS = NO;
				CLANG_ANALYZER_NONNULL = YES;
				CLANG_ANALYZER_NUMBER_OBJECT_CONVERSION = YES_AGGRESSIVE;
				CLANG_CXX_LANGUAGE_STANDARD = "gnu++0x";
				CLANG_CXX_LIBRARY = "libc++";
				CLANG_ENABLE_MODULES = YES;
				CLANG_ENABLE_OBJC_ARC = YES;
				CLANG_WARN_BOOL_CONVERSION = YES;
				CLANG_WARN_CONSTANT_CONVERSION = YES;
				CLANG_WARN_DIRECT_OBJC_ISA_USAGE = YES_ERROR;
				CLANG_WARN_DOCUMENTATION_COMMENTS = YES;
				CLANG_WARN_EMPTY_BODY = YES;
				CLANG_WARN_ENUM_CONVERSION = YES;
				CLANG_WARN_INFINITE_RECURSION = YES;
				CLANG_WARN_INT_CONVERSION = YES;
				CLANG_WARN_OBJC_ROOT_CLASS = YES_ERROR;
				CLANG_WARN_SUSPICIOUS_MOVE = YES;
				CLANG_WARN_UNREACHABLE_CODE = YES;
				CLANG_WARN__DUPLICATE_METHOD_MATCH = YES;
				CODE_SIGN_IDENTITY = "-";
				COPY_PHASE_STRIP = NO;
				DEBUG_INFORMATION_FORMAT = "dwarf-with-dsym";
				ENABLE_NS_ASSERTIONS = NO;
				ENABLE_STRICT_OBJC_MSGSEND = YES;
				GCC_C_LANGUAGE_STANDARD = gnu99;
				GCC_NO_COMMON_BLOCKS = YES;
				GCC_WARN_64_TO_32_BIT_CONVERSION = YES;
				GCC_WARN_ABOUT_RETURN_TYPE = YES_ERROR;
				GCC_WARN_UNDECLARED_SELECTOR = YES;
				GCC_WARN_UNINITIALIZED_AUTOS = YES_AGGRESSIVE;
				GCC_WARN_UNUSED_FUNCTION = YES;
				GCC_WARN_UNUSED_VARIABLE = YES;
				MACOSX_DEPLOYMENT_TARGET = 10.12;
				MTL_ENABLE_DEBUG_INFO = NO;
				SDKROOT = macosx;
			};
			name = Release;
		};
		14D7F9D720792487005C4116 /* Debug */ = {
			isa = XCBuildConfiguration;
			buildSettings = {
				HEADER_SEARCH_PATHS = (
					"/usr/local/include/**",
					"~/GLM_Source/glm/**",
				);
				LIBRARY_SEARCH_PATHS = "/usr/local/lib/**";
				PRODUCT_NAME = "$(TARGET_NAME)";
			};
			name = Debug;
		};
		14D7F9D820792487005C4116 /* Release */ = {
			isa = XCBuildConfiguration;
			buildSettings = {
				HEADER_SEARCH_PATHS = (
					"/usr/local/include/**",
					"~/GLM_Source/glm/**",
				);
				LIBRARY_SEARCH_PATHS = "/usr/local/lib/**";
				PRODUCT_NAME = "$(TARGET_NAME)";
			};
			name = Release;
		};
/* End XCBuildConfiguration section */

/* Begin XCConfigurationList section */
		14D7F9CA20792487005C4116 /* Build configuration list for PBXProject "Camera_Ex01" */ = {
			isa = XCConfigurationList;
			buildConfigurations = (
				14D7F9D420792487005C4116 /* Debug */,
				14D7F9D520792487005C4116 /* Release */,
			);
			defaultConfigurationIsVisible = 0;
			defaultConfigurationName = Release;
		};
		14D7F9D620792487005C4116 /* Build configuration list for PBXNativeTarget "Camera_Ex01" */ = {
			isa = XCConfigurationList;
			buildConfigurations = (
				14D7F9D720792487005C4116 /* Debug */,
				14D7F9D820792487005C4116 /* Release */,
			);
			defaultConfigurationIsVisible = 0;
		};
/* End XCConfigurationList section */
	};
	rootObject = 14D7F9C720792487005C4116 /* Project object */;
}
