// !$*UTF8*$!
{
	archiveVersion = 1;
	classes = {
	};
	objectVersion = 46;
	objects = {

/* Begin PBXBuildFile section */
		147ECE371F812FB800B32E68 /* main.cpp in Sources */ = {isa = PBXBuildFile; fileRef = 147ECE361F812FB800B32E68 /* main.cpp */; };
		147ECE3F1F812FC000B32E68 /* Cocoa.framework in Frameworks */ = {isa = PBXBuildFile; fileRef = 147ECE3E1F812FC000B32E68 /* Cocoa.framework */; };
		147ECE411F812FC500B32E68 /* CoreVideo.framework in Frameworks */ = {isa = PBXBuildFile; fileRef = 147ECE401F812FC500B32E68 /* CoreVideo.framework */; };
		147ECE431F812FC900B32E68 /* IOKit.framework in Frameworks */ = {isa = PBXBuildFile; fileRef = 147ECE421F812FC900B32E68 /* IOKit.framework */; };
		147ECE451F812FD000B32E68 /* libglfw3.a in Frameworks */ = {isa = PBXBuildFile; fileRef = 147ECE441F812FD000B32E68 /* libglfw3.a */; };
		147ECE471F812FF700B32E68 /* glad.c in Sources */ = {isa = PBXBuildFile; fileRef = 147ECE461F812FF700B32E68 /* glad.c */; };
		147ECE4E1F81301900B32E68 /* RenderView.cpp in Sources */ = {isa = PBXBuildFile; fileRef = 147ECE491F81301900B32E68 /* RenderView.cpp */; };
		147ECE4F1F81301900B32E68 /* Shaders.cpp in Sources */ = {isa = PBXBuildFile; fileRef = 147ECE4B1F81301900B32E68 /* Shaders.cpp */; };
/* End PBXBuildFile section */

/* Begin PBXCopyFilesBuildPhase section */
		147ECE311F812FB800B32E68 /* CopyFiles */ = {
			isa = PBXCopyFilesBuildPhase;
			buildActionMask = 2147483647;
			dstPath = /usr/share/man/man1/;
			dstSubfolderSpec = 0;
			files = (
			);
			runOnlyForDeploymentPostprocessing = 1;
		};
/* End PBXCopyFilesBuildPhase section */

/* Begin PBXFileReference section */
		147ECE331F812FB800B32E68 /* ShadersExercise2 */ = {isa = PBXFileReference; explicitFileType = "compiled.mach-o.executable"; includeInIndex = 0; path = ShadersExercise2; sourceTree = BUILT_PRODUCTS_DIR; };
		147ECE361F812FB800B32E68 /* main.cpp */ = {isa = PBXFileReference; lastKnownFileType = sourcecode.cpp.cpp; path = main.cpp; sourceTree = "<group>"; };
		147ECE3E1F812FC000B32E68 /* Cocoa.framework */ = {isa = PBXFileReference; lastKnownFileType = wrapper.framework; name = Cocoa.framework; path = System/Library/Frameworks/Cocoa.framework; sourceTree = SDKROOT; };
		147ECE401F812FC500B32E68 /* CoreVideo.framework */ = {isa = PBXFileReference; lastKnownFileType = wrapper.framework; name = CoreVideo.framework; path = System/Library/Frameworks/CoreVideo.framework; sourceTree = SDKROOT; };
		147ECE421F812FC900B32E68 /* IOKit.framework */ = {isa = PBXFileReference; lastKnownFileType = wrapper.framework; name = IOKit.framework; path = System/Library/Frameworks/IOKit.framework; sourceTree = SDKROOT; };
		147ECE441F812FD000B32E68 /* libglfw3.a */ = {isa = PBXFileReference; lastKnownFileType = archive.ar; name = libglfw3.a; path = ../../../../../../usr/local/lib/libglfw3.a; sourceTree = "<group>"; };
		147ECE461F812FF700B32E68 /* glad.c */ = {isa = PBXFileReference; fileEncoding = 4; lastKnownFileType = sourcecode.c.c; path = glad.c; sourceTree = "<group>"; };
		147ECE481F81301900B32E68 /* fs.glsl */ = {isa = PBXFileReference; fileEncoding = 4; lastKnownFileType = text; path = fs.glsl; sourceTree = "<group>"; };
		147ECE491F81301900B32E68 /* RenderView.cpp */ = {isa = PBXFileReference; fileEncoding = 4; lastKnownFileType = sourcecode.cpp.cpp; path = RenderView.cpp; sourceTree = "<group>"; };
		147ECE4A1F81301900B32E68 /* RenderView.h */ = {isa = PBXFileReference; fileEncoding = 4; lastKnownFileType = sourcecode.c.h; path = RenderView.h; sourceTree = "<group>"; };
		147ECE4B1F81301900B32E68 /* Shaders.cpp */ = {isa = PBXFileReference; fileEncoding = 4; lastKnownFileType = sourcecode.cpp.cpp; path = Shaders.cpp; sourceTree = "<group>"; };
		147ECE4C1F81301900B32E68 /* Shaders.h */ = {isa = PBXFileReference; fileEncoding = 4; lastKnownFileType = sourcecode.c.h; path = Shaders.h; sourceTree = "<group>"; };
		147ECE4D1F81301900B32E68 /* vs.glsl */ = {isa = PBXFileReference; fileEncoding = 4; lastKnownFileType = text; path = vs.glsl; sourceTree = "<group>"; };
/* End PBXFileReference section */

/* Begin PBXFrameworksBuildPhase section */
		147ECE301F812FB800B32E68 /* Frameworks */ = {
			isa = PBXFrameworksBuildPhase;
			buildActionMask = 2147483647;
			files = (
				147ECE451F812FD000B32E68 /* libglfw3.a in Frameworks */,
				147ECE431F812FC900B32E68 /* IOKit.framework in Frameworks */,
				147ECE411F812FC500B32E68 /* CoreVideo.framework in Frameworks */,
				147ECE3F1F812FC000B32E68 /* Cocoa.framework in Frameworks */,
			);
			runOnlyForDeploymentPostprocessing = 0;
		};
/* End PBXFrameworksBuildPhase section */

/* Begin PBXGroup section */
		147ECE2A1F812FB800B32E68 = {
			isa = PBXGroup;
			children = (
				147ECE351F812FB800B32E68 /* ShadersExercise2 */,
				147ECE341F812FB800B32E68 /* Products */,
				147ECE3D1F812FC000B32E68 /* Frameworks */,
			);
			sourceTree = "<group>";
		};
		147ECE341F812FB800B32E68 /* Products */ = {
			isa = PBXGroup;
			children = (
				147ECE331F812FB800B32E68 /* ShadersExercise2 */,
			);
			name = Products;
			sourceTree = "<group>";
		};
		147ECE351F812FB800B32E68 /* ShadersExercise2 */ = {
			isa = PBXGroup;
			children = (
				147ECE461F812FF700B32E68 /* glad.c */,
				147ECE4D1F81301900B32E68 /* vs.glsl */,
				147ECE481F81301900B32E68 /* fs.glsl */,
				147ECE4C1F81301900B32E68 /* Shaders.h */,
				147ECE4B1F81301900B32E68 /* Shaders.cpp */,
				147ECE4A1F81301900B32E68 /* RenderView.h */,
				147ECE491F81301900B32E68 /* RenderView.cpp */,
				147ECE361F812FB800B32E68 /* main.cpp */,
			);
			path = ShadersExercise2;
			sourceTree = "<group>";
		};
		147ECE3D1F812FC000B32E68 /* Frameworks */ = {
			isa = PBXGroup;
			children = (
				147ECE441F812FD000B32E68 /* libglfw3.a */,
				147ECE421F812FC900B32E68 /* IOKit.framework */,
				147ECE401F812FC500B32E68 /* CoreVideo.framework */,
				147ECE3E1F812FC000B32E68 /* Cocoa.framework */,
			);
			name = Frameworks;
			sourceTree = "<group>";
		};
/* End PBXGroup section */

/* Begin PBXNativeTarget section */
		147ECE321F812FB800B32E68 /* ShadersExercise2 */ = {
			isa = PBXNativeTarget;
			buildConfigurationList = 147ECE3A1F812FB800B32E68 /* Build configuration list for PBXNativeTarget "ShadersExercise2" */;
			buildPhases = (
				147ECE2F1F812FB800B32E68 /* Sources */,
				147ECE301F812FB800B32E68 /* Frameworks */,
				147ECE311F812FB800B32E68 /* CopyFiles */,
			);
			buildRules = (
			);
			dependencies = (
			);
			name = ShadersExercise2;
			productName = ShadersExercise2;
			productReference = 147ECE331F812FB800B32E68 /* ShadersExercise2 */;
			productType = "com.apple.product-type.tool";
		};
/* End PBXNativeTarget section */

/* Begin PBXProject section */
		147ECE2B1F812FB800B32E68 /* Project object */ = {
			isa = PBXProject;
			attributes = {
				LastUpgradeCheck = 0830;
				ORGANIZATIONNAME = shenyuanluo;
				TargetAttributes = {
					147ECE321F812FB800B32E68 = {
						CreatedOnToolsVersion = 8.3.3;
						ProvisioningStyle = Automatic;
					};
				};
			};
			buildConfigurationList = 147ECE2E1F812FB800B32E68 /* Build configuration list for PBXProject "ShadersExercise2" */;
			compatibilityVersion = "Xcode 3.2";
			developmentRegion = English;
			hasScannedForEncodings = 0;
			knownRegions = (
				en,
			);
			mainGroup = 147ECE2A1F812FB800B32E68;
			productRefGroup = 147ECE341F812FB800B32E68 /* Products */;
			projectDirPath = "";
			projectRoot = "";
			targets = (
				147ECE321F812FB800B32E68 /* ShadersExercise2 */,
			);
		};
/* End PBXProject section */

/* Begin PBXSourcesBuildPhase section */
		147ECE2F1F812FB800B32E68 /* Sources */ = {
			isa = PBXSourcesBuildPhase;
			buildActionMask = 2147483647;
			files = (
				147ECE371F812FB800B32E68 /* main.cpp in Sources */,
				147ECE471F812FF700B32E68 /* glad.c in Sources */,
				147ECE4F1F81301900B32E68 /* Shaders.cpp in Sources */,
				147ECE4E1F81301900B32E68 /* RenderView.cpp in Sources */,
			);
			runOnlyForDeploymentPostprocessing = 0;
		};
/* End PBXSourcesBuildPhase section */

/* Begin XCBuildConfiguration section */
		147ECE381F812FB800B32E68 /* Debug */ = {
			isa = XCBuildConfiguration;
			buildSettings = {
				ALWAYS_SEARCH_USER_PATHS = NO;
				CLANG_ANALYZER_NONNULL = YES;
				CLANG_ANALYZER_NUMBER_OBJECT_CONVERSION = YES_AGGRESSIVE;
				CLANG_CXX_LANGUAGE_STANDARD = "gnu++0x";
				CLANG_CXX_LIBRARY = "libc++";
				CLANG_ENABLE_MODULES = YES;
				CLANG_ENABLE_OBJC_ARC = YES;
				CLANG_WARN_BOOL_CONVERSION = YES;
				CLANG_WARN_CONSTANT_CONVERSION = YES;
				CLANG_WARN_DIRECT_OBJC_ISA_USAGE = YES_ERROR;
				CLANG_WARN_DOCUMENTATION_COMMENTS = YES;
				CLANG_WARN_EMPTY_BODY = YES;
				CLANG_WARN_ENUM_CONVERSION = YES;
				CLANG_WARN_INFINITE_RECURSION = YES;
				CLANG_WARN_INT_CONVERSION = YES;
				CLANG_WARN_OBJC_ROOT_CLASS = YES_ERROR;
				CLANG_WARN_SUSPICIOUS_MOVE = YES;
				CLANG_WARN_UNREACHABLE_CODE = YES;
				CLANG_WARN__DUPLICATE_METHOD_MATCH = YES;
				CODE_SIGN_IDENTITY = "-";
				COPY_PHASE_STRIP = NO;
				DEBUG_INFORMATION_FORMAT = dwarf;
				ENABLE_STRICT_OBJC_MSGSEND = YES;
				ENABLE_TESTABILITY = YES;
				GCC_C_LANGUAGE_STANDARD = gnu99;
				GCC_DYNAMIC_NO_PIC = NO;
				GCC_NO_COMMON_BLOCKS = YES;
				GCC_OPTIMIZATION_LEVEL = 0;
				GCC_PREPROCESSOR_DEFINITIONS = (
					"DEBUG=1",
					"$(inherited)",
				);
				GCC_WARN_64_TO_32_BIT_CONVERSION = YES;
				GCC_WARN_ABOUT_RETURN_TYPE = YES_ERROR;
				GCC_WARN_UNDECLARED_SELECTOR = YES;
				GCC_WARN_UNINITIALIZED_AUTOS = YES_AGGRESSIVE;
				GCC_WARN_UNUSED_FUNCTION = YES;
				GCC_WARN_UNUSED_VARIABLE = YES;
				MACOSX_DEPLOYMENT_TARGET = 10.12;
				MTL_ENABLE_DEBUG_INFO = YES;
				ONLY_ACTIVE_ARCH = YES;
				SDKROOT = macosx;
			};
			name = Debug;
		};
		147ECE391F812FB800B32E68 /* Release */ = {
			isa = XCBuildConfiguration;
			buildSettings = {
				ALWAYS_SEARCH_USER_PATHS = NO;
				CLANG_ANALYZER_NONNULL = YES;
				CLANG_ANALYZER_NUMBER_OBJECT_CONVERSION = YES_AGGRESSIVE;
				CLANG_CXX_LANGUAGE_STANDARD = "gnu++0x";
				CLANG_CXX_LIBRARY = "libc++";
				CLANG_ENABLE_MODULES = YES;
				CLANG_ENABLE_OBJC_ARC = YES;
				CLANG_WARN_BOOL_CONVERSION = YES;
				CLANG_WARN_CONSTANT_CONVERSION = YES;
				CLANG_WARN_DIRECT_OBJC_ISA_USAGE = YES_ERROR;
				CLANG_WARN_DOCUMENTATION_COMMENTS = YES;
				CLANG_WARN_EMPTY_BODY = YES;
				CLANG_WARN_ENUM_CONVERSION = YES;
				CLANG_WARN_INFINITE_RECURSION = YES;
				CLANG_WARN_INT_CONVERSION = YES;
				CLANG_WARN_OBJC_ROOT_CLASS = YES_ERROR;
				CLANG_WARN_SUSPICIOUS_MOVE = YES;
				CLANG_WARN_UNREACHABLE_CODE = YES;
				CLANG_WARN__DUPLICATE_METHOD_MATCH = YES;
				CODE_SIGN_IDENTITY = "-";
				COPY_PHASE_STRIP = NO;
				DEBUG_INFORMATION_FORMAT = "dwarf-with-dsym";
				ENABLE_NS_ASSERTIONS = NO;
				ENABLE_STRICT_OBJC_MSGSEND = YES;
				GCC_C_LANGUAGE_STANDARD = gnu99;
				GCC_NO_COMMON_BLOCKS = YES;
				GCC_WARN_64_TO_32_BIT_CONVERSION = YES;
				GCC_WARN_ABOUT_RETURN_TYPE = YES_ERROR;
				GCC_WARN_UNDECLARED_SELECTOR = YES;
				GCC_WARN_UNINITIALIZED_AUTOS = YES_AGGRESSIVE;
				GCC_WARN_UNUSED_FUNCTION = YES;
				GCC_WARN_UNUSED_VARIABLE = YES;
				MACOSX_DEPLOYMENT_TARGET = 10.12;
				MTL_ENABLE_DEBUG_INFO = NO;
				SDKROOT = macosx;
			};
			name = Release;
		};
		147ECE3B1F812FB800B32E68 /* Debug */ = {
			isa = XCBuildConfiguration;
			buildSettings = {
				HEADER_SEARCH_PATHS = "/usr/local/include/**";
				LIBRARY_SEARCH_PATHS = "/usr/local/lib/**";
				PRODUCT_NAME = "$(TARGET_NAME)";
			};
			name = Debug;
		};
		147ECE3C1F812FB800B32E68 /* Release */ = {
			isa = XCBuildConfiguration;
			buildSettings = {
				HEADER_SEARCH_PATHS = "/usr/local/include/**";
				LIBRARY_SEARCH_PATHS = "/usr/local/lib/**";
				PRODUCT_NAME = "$(TARGET_NAME)";
			};
			name = Release;
		};
/* End XCBuildConfiguration section */

/* Begin XCConfigurationList section */
		147ECE2E1F812FB800B32E68 /* Build configuration list for PBXProject "ShadersExercise2" */ = {
			isa = XCConfigurationList;
			buildConfigurations = (
				147ECE381F812FB800B32E68 /* Debug */,
				147ECE391F812FB800B32E68 /* Release */,
			);
			defaultConfigurationIsVisible = 0;
			defaultConfigurationName = Release;
		};
		147ECE3A1F812FB800B32E68 /* Build configuration list for PBXNativeTarget "ShadersExercise2" */ = {
			isa = XCConfigurationList;
			buildConfigurations = (
				147ECE3B1F812FB800B32E68 /* Debug */,
				147ECE3C1F812FB800B32E68 /* Release */,
			);
			defaultConfigurationIsVisible = 0;
		};
/* End XCConfigurationList section */
	};
	rootObject = 147ECE2B1F812FB800B32E68 /* Project object */;
}
