// !$*UTF8*$!
{
	archiveVersion = 1;
	classes = {
	};
	objectVersion = 46;
	objects = {

/* Begin PBXBuildFile section */
		14C13B781F87717A00600867 /* main.cpp in Sources */ = {isa = PBXBuildFile; fileRef = 14C13B771F87717A00600867 /* main.cpp */; };
		14C13B801F87718500600867 /* Cocoa.framework in Frameworks */ = {isa = PBXBuildFile; fileRef = 14C13B7F1F87718500600867 /* Cocoa.framework */; };
		14C13B821F87718B00600867 /* CoreVideo.framework in Frameworks */ = {isa = PBXBuildFile; fileRef = 14C13B811F87718B00600867 /* CoreVideo.framework */; };
		14C13B841F87719000600867 /* IOKit.framework in Frameworks */ = {isa = PBXBuildFile; fileRef = 14C13B831F87719000600867 /* IOKit.framework */; };
		14C13B861F87719800600867 /* libglfw3.a in Frameworks */ = {isa = PBXBuildFile; fileRef = 14C13B851F87719800600867 /* libglfw3.a */; };
		14C13B911F8771F500600867 /* glad.c in Sources */ = {isa = PBXBuildFile; fileRef = 14C13B8A1F8771F500600867 /* glad.c */; };
		14C13B921F8771F500600867 /* RenderView.cpp in Sources */ = {isa = PBXBuildFile; fileRef = 14C13B8B1F8771F500600867 /* RenderView.cpp */; };
		14C13B931F8771F500600867 /* Shaders.cpp in Sources */ = {isa = PBXBuildFile; fileRef = 14C13B8D1F8771F500600867 /* Shaders.cpp */; };
/* End PBXBuildFile section */

/* Begin PBXCopyFilesBuildPhase section */
		14C13B721F87717A00600867 /* CopyFiles */ = {
			isa = PBXCopyFilesBuildPhase;
			buildActionMask = 2147483647;
			dstPath = /usr/share/man/man1/;
			dstSubfolderSpec = 0;
			files = (
			);
			runOnlyForDeploymentPostprocessing = 1;
		};
/* End PBXCopyFilesBuildPhase section */

/* Begin PBXFileReference section */
		14C13B741F87717A00600867 /* TransformationsExercise2 */ = {isa = PBXFileReference; explicitFileType = "compiled.mach-o.executable"; includeInIndex = 0; path = TransformationsExercise2; sourceTree = BUILT_PRODUCTS_DIR; };
		14C13B771F87717A00600867 /* main.cpp */ = {isa = PBXFileReference; lastKnownFileType = sourcecode.cpp.cpp; path = main.cpp; sourceTree = "<group>"; };
		14C13B7F1F87718500600867 /* Cocoa.framework */ = {isa = PBXFileReference; lastKnownFileType = wrapper.framework; name = Cocoa.framework; path = System/Library/Frameworks/Cocoa.framework; sourceTree = SDKROOT; };
		14C13B811F87718B00600867 /* CoreVideo.framework */ = {isa = PBXFileReference; lastKnownFileType = wrapper.framework; name = CoreVideo.framework; path = System/Library/Frameworks/CoreVideo.framework; sourceTree = SDKROOT; };
		14C13B831F87719000600867 /* IOKit.framework */ = {isa = PBXFileReference; lastKnownFileType = wrapper.framework; name = IOKit.framework; path = System/Library/Frameworks/IOKit.framework; sourceTree = SDKROOT; };
		14C13B851F87719800600867 /* libglfw3.a */ = {isa = PBXFileReference; lastKnownFileType = archive.ar; name = libglfw3.a; path = ../../../../../../usr/local/lib/libglfw3.a; sourceTree = "<group>"; };
		14C13B871F8771F500600867 /* awesomeface.png */ = {isa = PBXFileReference; lastKnownFileType = image.png; path = awesomeface.png; sourceTree = "<group>"; };
		14C13B881F8771F500600867 /* container.jpg */ = {isa = PBXFileReference; lastKnownFileType = image.jpeg; path = container.jpg; sourceTree = "<group>"; };
		14C13B891F8771F500600867 /* fs.glsl */ = {isa = PBXFileReference; fileEncoding = 4; lastKnownFileType = text; path = fs.glsl; sourceTree = "<group>"; };
		14C13B8A1F8771F500600867 /* glad.c */ = {isa = PBXFileReference; fileEncoding = 4; lastKnownFileType = sourcecode.c.c; path = glad.c; sourceTree = "<group>"; };
		14C13B8B1F8771F500600867 /* RenderView.cpp */ = {isa = PBXFileReference; fileEncoding = 4; lastKnownFileType = sourcecode.cpp.cpp; path = RenderView.cpp; sourceTree = "<group>"; };
		14C13B8C1F8771F500600867 /* RenderView.h */ = {isa = PBXFileReference; fileEncoding = 4; lastKnownFileType = sourcecode.c.h; path = RenderView.h; sourceTree = "<group>"; };
		14C13B8D1F8771F500600867 /* Shaders.cpp */ = {isa = PBXFileReference; fileEncoding = 4; lastKnownFileType = sourcecode.cpp.cpp; path = Shaders.cpp; sourceTree = "<group>"; };
		14C13B8E1F8771F500600867 /* Shaders.h */ = {isa = PBXFileReference; fileEncoding = 4; lastKnownFileType = sourcecode.c.h; path = Shaders.h; sourceTree = "<group>"; };
		14C13B8F1F8771F500600867 /* stb_image.h */ = {isa = PBXFileReference; fileEncoding = 4; lastKnownFileType = sourcecode.c.h; path = stb_image.h; sourceTree = "<group>"; };
		14C13B901F8771F500600867 /* vs.glsl */ = {isa = PBXFileReference; fileEncoding = 4; lastKnownFileType = text; path = vs.glsl; sourceTree = "<group>"; };
/* End PBXFileReference section */

/* Begin PBXFrameworksBuildPhase section */
		14C13B711F87717A00600867 /* Frameworks */ = {
			isa = PBXFrameworksBuildPhase;
			buildActionMask = 2147483647;
			files = (
				14C13B861F87719800600867 /* libglfw3.a in Frameworks */,
				14C13B841F87719000600867 /* IOKit.framework in Frameworks */,
				14C13B821F87718B00600867 /* CoreVideo.framework in Frameworks */,
				14C13B801F87718500600867 /* Cocoa.framework in Frameworks */,
			);
			runOnlyForDeploymentPostprocessing = 0;
		};
/* End PBXFrameworksBuildPhase section */

/* Begin PBXGroup section */
		14C13B6B1F87717A00600867 = {
			isa = PBXGroup;
			children = (
				14C13B761F87717A00600867 /* TransformationsExercise2 */,
				14C13B751F87717A00600867 /* Products */,
				14C13B7E1F87718500600867 /* Frameworks */,
			);
			sourceTree = "<group>";
		};
		14C13B751F87717A00600867 /* Products */ = {
			isa = PBXGroup;
			children = (
				14C13B741F87717A00600867 /* TransformationsExercise2 */,
			);
			name = Products;
			sourceTree = "<group>";
		};
		14C13B761F87717A00600867 /* TransformationsExercise2 */ = {
			isa = PBXGroup;
			children = (
				14C13B8A1F8771F500600867 /* glad.c */,
				14C13B8F1F8771F500600867 /* stb_image.h */,
				14C13B871F8771F500600867 /* awesomeface.png */,
				14C13B881F8771F500600867 /* container.jpg */,
				14C13B901F8771F500600867 /* vs.glsl */,
				14C13B891F8771F500600867 /* fs.glsl */,
				14C13B8E1F8771F500600867 /* Shaders.h */,
				14C13B8D1F8771F500600867 /* Shaders.cpp */,
				14C13B8C1F8771F500600867 /* RenderView.h */,
				14C13B8B1F8771F500600867 /* RenderView.cpp */,
				14C13B771F87717A00600867 /* main.cpp */,
			);
			path = TransformationsExercise2;
			sourceTree = "<group>";
		};
		14C13B7E1F87718500600867 /* Frameworks */ = {
			isa = PBXGroup;
			children = (
				14C13B851F87719800600867 /* libglfw3.a */,
				14C13B831F87719000600867 /* IOKit.framework */,
				14C13B811F87718B00600867 /* CoreVideo.framework */,
				14C13B7F1F87718500600867 /* Cocoa.framework */,
			);
			name = Frameworks;
			sourceTree = "<group>";
		};
/* End PBXGroup section */

/* Begin PBXNativeTarget section */
		14C13B731F87717A00600867 /* TransformationsExercise2 */ = {
			isa = PBXNativeTarget;
			buildConfigurationList = 14C13B7B1F87717B00600867 /* Build configuration list for PBXNativeTarget "TransformationsExercise2" */;
			buildPhases = (
				14C13B701F87717A00600867 /* Sources */,
				14C13B711F87717A00600867 /* Frameworks */,
				14C13B721F87717A00600867 /* CopyFiles */,
			);
			buildRules = (
			);
			dependencies = (
			);
			name = TransformationsExercise2;
			productName = TransformationsExercise2;
			productReference = 14C13B741F87717A00600867 /* TransformationsExercise2 */;
			productType = "com.apple.product-type.tool";
		};
/* End PBXNativeTarget section */

/* Begin PBXProject section */
		14C13B6C1F87717A00600867 /* Project object */ = {
			isa = PBXProject;
			attributes = {
				LastUpgradeCheck = 0830;
				ORGANIZATIONNAME = shenyuanluo;
				TargetAttributes = {
					14C13B731F87717A00600867 = {
						CreatedOnToolsVersion = 8.3.3;
						ProvisioningStyle = Automatic;
					};
				};
			};
			buildConfigurationList = 14C13B6F1F87717A00600867 /* Build configuration list for PBXProject "TransformationsExercise2" */;
			compatibilityVersion = "Xcode 3.2";
			developmentRegion = English;
			hasScannedForEncodings = 0;
			knownRegions = (
				en,
			);
			mainGroup = 14C13B6B1F87717A00600867;
			productRefGroup = 14C13B751F87717A00600867 /* Products */;
			projectDirPath = "";
			projectRoot = "";
			targets = (
				14C13B731F87717A00600867 /* TransformationsExercise2 */,
			);
		};
/* End PBXProject section */

/* Begin PBXSourcesBuildPhase section */
		14C13B701F87717A00600867 /* Sources */ = {
			isa = PBXSourcesBuildPhase;
			buildActionMask = 2147483647;
			files = (
				14C13B781F87717A00600867 /* main.cpp in Sources */,
				14C13B911F8771F500600867 /* glad.c in Sources */,
				14C13B931F8771F500600867 /* Shaders.cpp in Sources */,
				14C13B921F8771F500600867 /* RenderView.cpp in Sources */,
			);
			runOnlyForDeploymentPostprocessing = 0;
		};
/* End PBXSourcesBuildPhase section */

/* Begin XCBuildConfiguration section */
		14C13B791F87717A00600867 /* Debug */ = {
			isa = XCBuildConfiguration;
			buildSettings = {
				ALWAYS_SEARCH_USER_PATHS = NO;
				CLANG_ANALYZER_NONNULL = YES;
				CLANG_ANALYZER_NUMBER_OBJECT_CONVERSION = YES_AGGRESSIVE;
				CLANG_CXX_LANGUAGE_STANDARD = "gnu++0x";
				CLANG_CXX_LIBRARY = "libc++";
				CLANG_ENABLE_MODULES = YES;
				CLANG_ENABLE_OBJC_ARC = YES;
				CLANG_WARN_BOOL_CONVERSION = YES;
				CLANG_WARN_CONSTANT_CONVERSION = YES;
				CLANG_WARN_DIRECT_OBJC_ISA_USAGE = YES_ERROR;
				CLANG_WARN_DOCUMENTATION_COMMENTS = YES;
				CLANG_WARN_EMPTY_BODY = YES;
				CLANG_WARN_ENUM_CONVERSION = YES;
				CLANG_WARN_INFINITE_RECURSION = YES;
				CLANG_WARN_INT_CONVERSION = YES;
				CLANG_WARN_OBJC_ROOT_CLASS = YES_ERROR;
				CLANG_WARN_SUSPICIOUS_MOVE = YES;
				CLANG_WARN_UNREACHABLE_CODE = YES;
				CLANG_WARN__DUPLICATE_METHOD_MATCH = YES;
				CODE_SIGN_IDENTITY = "-";
				COPY_PHASE_STRIP = NO;
				DEBUG_INFORMATION_FORMAT = dwarf;
				ENABLE_STRICT_OBJC_MSGSEND = YES;
				ENABLE_TESTABILITY = YES;
				GCC_C_LANGUAGE_STANDARD = gnu99;
				GCC_DYNAMIC_NO_PIC = NO;
				GCC_NO_COMMON_BLOCKS = YES;
				GCC_OPTIMIZATION_LEVEL = 0;
				GCC_PREPROCESSOR_DEFINITIONS = (
					"DEBUG=1",
					"$(inherited)",
				);
				GCC_WARN_64_TO_32_BIT_CONVERSION = YES;
				GCC_WARN_ABOUT_RETURN_TYPE = YES_ERROR;
				GCC_WARN_UNDECLARED_SELECTOR = YES;
				GCC_WARN_UNINITIALIZED_AUTOS = YES_AGGRESSIVE;
				GCC_WARN_UNUSED_FUNCTION = YES;
				GCC_WARN_UNUSED_VARIABLE = YES;
				MACOSX_DEPLOYMENT_TARGET = 10.12;
				MTL_ENABLE_DEBUG_INFO = YES;
				ONLY_ACTIVE_ARCH = YES;
				SDKROOT = macosx;
			};
			name = Debug;
		};
		14C13B7A1F87717A00600867 /* Release */ = {
			isa = XCBuildConfiguration;
			buildSettings = {
				ALWAYS_SEARCH_USER_PATHS = NO;
				CLANG_ANALYZER_NONNULL = YES;
				CLANG_ANALYZER_NUMBER_OBJECT_CONVERSION = YES_AGGRESSIVE;
				CLANG_CXX_LANGUAGE_STANDARD = "gnu++0x";
				CLANG_CXX_LIBRARY = "libc++";
				CLANG_ENABLE_MODULES = YES;
				CLANG_ENABLE_OBJC_ARC = YES;
				CLANG_WARN_BOOL_CONVERSION = YES;
				CLANG_WARN_CONSTANT_CONVERSION = YES;
				CLANG_WARN_DIRECT_OBJC_ISA_USAGE = YES_ERROR;
				CLANG_WARN_DOCUMENTATION_COMMENTS = YES;
				CLANG_WARN_EMPTY_BODY = YES;
				CLANG_WARN_ENUM_CONVERSION = YES;
				CLANG_WARN_INFINITE_RECURSION = YES;
				CLANG_WARN_INT_CONVERSION = YES;
				CLANG_WARN_OBJC_ROOT_CLASS = YES_ERROR;
				CLANG_WARN_SUSPICIOUS_MOVE = YES;
				CLANG_WARN_UNREACHABLE_CODE = YES;
				CLANG_WARN__DUPLICATE_METHOD_MATCH = YES;
				CODE_SIGN_IDENTITY = "-";
				COPY_PHASE_STRIP = NO;
				DEBUG_INFORMATION_FORMAT = "dwarf-with-dsym";
				ENABLE_NS_ASSERTIONS = NO;
				ENABLE_STRICT_OBJC_MSGSEND = YES;
				GCC_C_LANGUAGE_STANDARD = gnu99;
				GCC_NO_COMMON_BLOCKS = YES;
				GCC_WARN_64_TO_32_BIT_CONVERSION = YES;
				GCC_WARN_ABOUT_RETURN_TYPE = YES_ERROR;
				GCC_WARN_UNDECLARED_SELECTOR = YES;
				GCC_WARN_UNINITIALIZED_AUTOS = YES_AGGRESSIVE;
				GCC_WARN_UNUSED_FUNCTION = YES;
				GCC_WARN_UNUSED_VARIABLE = YES;
				MACOSX_DEPLOYMENT_TARGET = 10.12;
				MTL_ENABLE_DEBUG_INFO = NO;
				SDKROOT = macosx;
			};
			name = Release;
		};
		14C13B7C1F87717B00600867 /* Debug */ = {
			isa = XCBuildConfiguration;
			buildSettings = {
				HEADER_SEARCH_PATHS = (
					"/usr/local/include/**",
					"~/GLM_Source/glm/**",
				);
				LIBRARY_SEARCH_PATHS = "/usr/local/lib/**";
				PRODUCT_NAME = "$(TARGET_NAME)";
			};
			name = Debug;
		};
		14C13B7D1F87717B00600867 /* Release */ = {
			isa = XCBuildConfiguration;
			buildSettings = {
				HEADER_SEARCH_PATHS = (
					"/usr/local/include/**",
					"~/GLM_Source/glm/**",
				);
				LIBRARY_SEARCH_PATHS = "/usr/local/lib/**";
				PRODUCT_NAME = "$(TARGET_NAME)";
			};
			name = Release;
		};
/* End XCBuildConfiguration section */

/* Begin XCConfigurationList section */
		14C13B6F1F87717A00600867 /* Build configuration list for PBXProject "TransformationsExercise2" */ = {
			isa = XCConfigurationList;
			buildConfigurations = (
				14C13B791F87717A00600867 /* Debug */,
				14C13B7A1F87717A00600867 /* Release */,
			);
			defaultConfigurationIsVisible = 0;
			defaultConfigurationName = Release;
		};
		14C13B7B1F87717B00600867 /* Build configuration list for PBXNativeTarget "TransformationsExercise2" */ = {
			isa = XCConfigurationList;
			buildConfigurations = (
				14C13B7C1F87717B00600867 /* Debug */,
				14C13B7D1F87717B00600867 /* Release */,
			);
			defaultConfigurationIsVisible = 0;
		};
/* End XCConfigurationList section */
	};
	rootObject = 14C13B6C1F87717A00600867 /* Project object */;
}
