// !$*UTF8*$!
{
	archiveVersion = 1;
	classes = {
	};
	objectVersion = 50;
	objects = {

/* Begin PBXBuildFile section */
		1469D45420B8392800253E02 /* main.cpp in Sources */ = {isa = PBXBuildFile; fileRef = 1469D45320B8392800253E02 /* main.cpp */; };
		1469D4D120B83E5900253E02 /* Window.cpp in Sources */ = {isa = PBXBuildFile; fileRef = 1469D4BC20B83E5900253E02 /* Window.cpp */; };
		1469D4DC20B83EAC00253E02 /* libglfw3.a in Frameworks */ = {isa = PBXBuildFile; fileRef = 1469D4DA20B83EAC00253E02 /* libglfw3.a */; };
		1469D4DE20B83EAF00253E02 /* Cocoa.framework in Frameworks */ = {isa = PBXBuildFile; fileRef = 1469D4DD20B83EAF00253E02 /* Cocoa.framework */; };
		1469D4E020B83EB400253E02 /* CoreVideo.framework in Frameworks */ = {isa = PBXBuildFile; fileRef = 1469D4DF20B83EB400253E02 /* CoreVideo.framework */; };
		1469D4E220B83EB800253E02 /* IOKit.framework in Frameworks */ = {isa = PBXBuildFile; fileRef = 1469D4E120B83EB800253E02 /* IOKit.framework */; };
		1469D4E420B83EBC00253E02 /* OpenGL.framework in Frameworks */ = {isa = PBXBuildFile; fileRef = 1469D4E320B83EBC00253E02 /* OpenGL.framework */; };
		1483EC5D25D81650004BD804 /* libassimp.5.0.1.dylib in Frameworks */ = {isa = PBXBuildFile; fileRef = 1483EC5C25D81650004BD804 /* libassimp.5.0.1.dylib */; };
		149B2BC320F3423100E7A12C /* Mesh.cpp in Sources */ = {isa = PBXBuildFile; fileRef = 149B2B6E20F3423100E7A12C /* Mesh.cpp */; };
		149B2BC520F3423100E7A12C /* Camera.cpp in Sources */ = {isa = PBXBuildFile; fileRef = 149B2B7420F3423100E7A12C /* Camera.cpp */; };
		149B2BC620F3423100E7A12C /* GLErrorCheck.cpp in Sources */ = {isa = PBXBuildFile; fileRef = 149B2B7720F3423100E7A12C /* GLErrorCheck.cpp */; };
		149B2BC720F3423100E7A12C /* glad.c in Sources */ = {isa = PBXBuildFile; fileRef = 149B2B7A20F3423100E7A12C /* glad.c */; };
		149B2BC820F3423100E7A12C /* Model.cpp in Sources */ = {isa = PBXBuildFile; fileRef = 149B2B7D20F3423100E7A12C /* Model.cpp */; };
		149B2BC920F3423100E7A12C /* Texture.cpp in Sources */ = {isa = PBXBuildFile; fileRef = 149B2B8120F3423100E7A12C /* Texture.cpp */; };
		149B2BCA20F3423100E7A12C /* Shader.cpp in Sources */ = {isa = PBXBuildFile; fileRef = 149B2B8420F3423100E7A12C /* Shader.cpp */; };
		149B2BCE20F3423100E7A12C /* Transform.cpp in Sources */ = {isa = PBXBuildFile; fileRef = 149B2B8F20F3423100E7A12C /* Transform.cpp */; };
/* End PBXBuildFile section */

/* Begin PBXCopyFilesBuildPhase section */
		1469D44E20B8392800253E02 /* CopyFiles */ = {
			isa = PBXCopyFilesBuildPhase;
			buildActionMask = 2147483647;
			dstPath = /usr/share/man/man1/;
			dstSubfolderSpec = 0;
			files = (
			);
			runOnlyForDeploymentPostprocessing = 1;
		};
/* End PBXCopyFilesBuildPhase section */

/* Begin PBXFileReference section */
		1469D45020B8392800253E02 /* InstancingAsteroidBelt */ = {isa = PBXFileReference; explicitFileType = "compiled.mach-o.executable"; includeInIndex = 0; path = InstancingAsteroidBelt; sourceTree = BUILT_PRODUCTS_DIR; };
		1469D45320B8392800253E02 /* main.cpp */ = {isa = PBXFileReference; lastKnownFileType = sourcecode.cpp.cpp; path = main.cpp; sourceTree = "<group>"; };
		1469D49520B83E5800253E02 /* Window.hpp */ = {isa = PBXFileReference; fileEncoding = 4; lastKnownFileType = sourcecode.cpp.h; path = Window.hpp; sourceTree = "<group>"; };
		1469D4BC20B83E5900253E02 /* Window.cpp */ = {isa = PBXFileReference; fileEncoding = 4; lastKnownFileType = sourcecode.cpp.cpp; path = Window.cpp; sourceTree = "<group>"; };
		1469D4DA20B83EAC00253E02 /* libglfw3.a */ = {isa = PBXFileReference; lastKnownFileType = archive.ar; name = libglfw3.a; path = ../../../../../../../../usr/local/lib/libglfw3.a; sourceTree = "<group>"; };
		1469D4DD20B83EAF00253E02 /* Cocoa.framework */ = {isa = PBXFileReference; lastKnownFileType = wrapper.framework; name = Cocoa.framework; path = System/Library/Frameworks/Cocoa.framework; sourceTree = SDKROOT; };
		1469D4DF20B83EB400253E02 /* CoreVideo.framework */ = {isa = PBXFileReference; lastKnownFileType = wrapper.framework; name = CoreVideo.framework; path = System/Library/Frameworks/CoreVideo.framework; sourceTree = SDKROOT; };
		1469D4E120B83EB800253E02 /* IOKit.framework */ = {isa = PBXFileReference; lastKnownFileType = wrapper.framework; name = IOKit.framework; path = System/Library/Frameworks/IOKit.framework; sourceTree = SDKROOT; };
		1469D4E320B83EBC00253E02 /* OpenGL.framework */ = {isa = PBXFileReference; lastKnownFileType = wrapper.framework; name = OpenGL.framework; path = System/Library/Frameworks/OpenGL.framework; sourceTree = SDKROOT; };
		1483EC5C25D81650004BD804 /* libassimp.5.0.1.dylib */ = {isa = PBXFileReference; lastKnownFileType = "compiled.mach-o.dylib"; name = libassimp.5.0.1.dylib; path = ../../../../../../../../usr/local/lib/libassimp.5.0.1.dylib; sourceTree = "<group>"; };
		149B2B6920F3422700E7A12C /* NanosuitVS.glsl */ = {isa = PBXFileReference; fileEncoding = 4; lastKnownFileType = text; path = NanosuitVS.glsl; sourceTree = "<group>"; };
		149B2B6A20F3422700E7A12C /* InstancedArrayVS.glsl */ = {isa = PBXFileReference; fileEncoding = 4; lastKnownFileType = text; path = InstancedArrayVS.glsl; sourceTree = "<group>"; };
		149B2B6B20F3422700E7A12C /* NanosuitFS.glsl */ = {isa = PBXFileReference; fileEncoding = 4; lastKnownFileType = text; path = NanosuitFS.glsl; sourceTree = "<group>"; };
		149B2B6E20F3423100E7A12C /* Mesh.cpp */ = {isa = PBXFileReference; fileEncoding = 4; lastKnownFileType = sourcecode.cpp.cpp; path = Mesh.cpp; sourceTree = "<group>"; };
		149B2B6F20F3423100E7A12C /* Mesh.hpp */ = {isa = PBXFileReference; fileEncoding = 4; lastKnownFileType = sourcecode.cpp.h; path = Mesh.hpp; sourceTree = "<group>"; };
		149B2B7420F3423100E7A12C /* Camera.cpp */ = {isa = PBXFileReference; fileEncoding = 4; lastKnownFileType = sourcecode.cpp.cpp; path = Camera.cpp; sourceTree = "<group>"; };
		149B2B7520F3423100E7A12C /* Camera.hpp */ = {isa = PBXFileReference; fileEncoding = 4; lastKnownFileType = sourcecode.cpp.h; path = Camera.hpp; sourceTree = "<group>"; };
		149B2B7720F3423100E7A12C /* GLErrorCheck.cpp */ = {isa = PBXFileReference; fileEncoding = 4; lastKnownFileType = sourcecode.cpp.cpp; path = GLErrorCheck.cpp; sourceTree = "<group>"; };
		149B2B7820F3423100E7A12C /* GLErrorCheck.hpp */ = {isa = PBXFileReference; fileEncoding = 4; lastKnownFileType = sourcecode.cpp.h; path = GLErrorCheck.hpp; sourceTree = "<group>"; };
		149B2B7A20F3423100E7A12C /* glad.c */ = {isa = PBXFileReference; fileEncoding = 4; lastKnownFileType = sourcecode.c.c; path = glad.c; sourceTree = "<group>"; };
		149B2B7C20F3423100E7A12C /* Model.hpp */ = {isa = PBXFileReference; fileEncoding = 4; lastKnownFileType = sourcecode.cpp.h; path = Model.hpp; sourceTree = "<group>"; };
		149B2B7D20F3423100E7A12C /* Model.cpp */ = {isa = PBXFileReference; fileEncoding = 4; lastKnownFileType = sourcecode.cpp.cpp; path = Model.cpp; sourceTree = "<group>"; };
		149B2B7F20F3423100E7A12C /* stb_image.h */ = {isa = PBXFileReference; fileEncoding = 4; lastKnownFileType = sourcecode.c.h; path = stb_image.h; sourceTree = "<group>"; };
		149B2B8120F3423100E7A12C /* Texture.cpp */ = {isa = PBXFileReference; fileEncoding = 4; lastKnownFileType = sourcecode.cpp.cpp; path = Texture.cpp; sourceTree = "<group>"; };
		149B2B8220F3423100E7A12C /* Texture.hpp */ = {isa = PBXFileReference; fileEncoding = 4; lastKnownFileType = sourcecode.cpp.h; path = Texture.hpp; sourceTree = "<group>"; };
		149B2B8420F3423100E7A12C /* Shader.cpp */ = {isa = PBXFileReference; fileEncoding = 4; lastKnownFileType = sourcecode.cpp.cpp; path = Shader.cpp; sourceTree = "<group>"; };
		149B2B8520F3423100E7A12C /* Shader.hpp */ = {isa = PBXFileReference; fileEncoding = 4; lastKnownFileType = sourcecode.cpp.h; path = Shader.hpp; sourceTree = "<group>"; };
		149B2B8E20F3423100E7A12C /* Transform.hpp */ = {isa = PBXFileReference; fileEncoding = 4; lastKnownFileType = sourcecode.cpp.h; path = Transform.hpp; sourceTree = "<group>"; };
		149B2B8F20F3423100E7A12C /* Transform.cpp */ = {isa = PBXFileReference; fileEncoding = 4; lastKnownFileType = sourcecode.cpp.cpp; path = Transform.cpp; sourceTree = "<group>"; };
/* End PBXFileReference section */

/* Begin PBXFrameworksBuildPhase section */
		1469D44D20B8392800253E02 /* Frameworks */ = {
			isa = PBXFrameworksBuildPhase;
			buildActionMask = 2147483647;
			files = (
				1469D4E420B83EBC00253E02 /* OpenGL.framework in Frameworks */,
				1469D4E220B83EB800253E02 /* IOKit.framework in Frameworks */,
				1469D4E020B83EB400253E02 /* CoreVideo.framework in Frameworks */,
				1469D4DE20B83EAF00253E02 /* Cocoa.framework in Frameworks */,
				1469D4DC20B83EAC00253E02 /* libglfw3.a in Frameworks */,
				1483EC5D25D81650004BD804 /* libassimp.5.0.1.dylib in Frameworks */,
			);
			runOnlyForDeploymentPostprocessing = 0;
		};
/* End PBXFrameworksBuildPhase section */

/* Begin PBXGroup section */
		1469D44720B8392800253E02 = {
			isa = PBXGroup;
			children = (
				149B2B6C20F3423100E7A12C /* Common */,
				1469D45220B8392800253E02 /* InstancingAsteroidBelt */,
				1469D45120B8392800253E02 /* Products */,
				1469D4D820B83EAB00253E02 /* Frameworks */,
			);
			sourceTree = "<group>";
		};
		1469D45120B8392800253E02 /* Products */ = {
			isa = PBXGroup;
			children = (
				1469D45020B8392800253E02 /* InstancingAsteroidBelt */,
			);
			name = Products;
			sourceTree = "<group>";
		};
		1469D45220B8392800253E02 /* InstancingAsteroidBelt */ = {
			isa = PBXGroup;
			children = (
				149B2B6A20F3422700E7A12C /* InstancedArrayVS.glsl */,
				149B2B6B20F3422700E7A12C /* NanosuitFS.glsl */,
				149B2B6920F3422700E7A12C /* NanosuitVS.glsl */,
				1469D4BC20B83E5900253E02 /* Window.cpp */,
				1469D49520B83E5800253E02 /* Window.hpp */,
				1469D45320B8392800253E02 /* main.cpp */,
			);
			path = InstancingAsteroidBelt;
			sourceTree = "<group>";
		};
		1469D4D820B83EAB00253E02 /* Frameworks */ = {
			isa = PBXGroup;
			children = (
				1483EC5C25D81650004BD804 /* libassimp.5.0.1.dylib */,
				1469D4E320B83EBC00253E02 /* OpenGL.framework */,
				1469D4E120B83EB800253E02 /* IOKit.framework */,
				1469D4DF20B83EB400253E02 /* CoreVideo.framework */,
				1469D4DD20B83EAF00253E02 /* Cocoa.framework */,
				1469D4DA20B83EAC00253E02 /* libglfw3.a */,
			);
			name = Frameworks;
			sourceTree = "<group>";
		};
		149B2B6C20F3423100E7A12C /* Common */ = {
			isa = PBXGroup;
			children = (
				149B2B7920F3423100E7A12C /* Glad */,
				149B2B7E20F3423100E7A12C /* StbImage */,
				149B2B7620F3423100E7A12C /* GLErrorCheck */,
				149B2B7320F3423100E7A12C /* Camera */,
				149B2B6D20F3423100E7A12C /* Mesh */,
				149B2B7B20F3423100E7A12C /* Model */,
				149B2B8320F3423100E7A12C /* Shader */,
				149B2B8020F3423100E7A12C /* Texture */,
				149B2B8D20F3423100E7A12C /* Transform */,
			);
			name = Common;
			path = ../../../Common;
			sourceTree = "<group>";
		};
		149B2B6D20F3423100E7A12C /* Mesh */ = {
			isa = PBXGroup;
			children = (
				149B2B6E20F3423100E7A12C /* Mesh.cpp */,
				149B2B6F20F3423100E7A12C /* Mesh.hpp */,
			);
			path = Mesh;
			sourceTree = "<group>";
		};
		149B2B7320F3423100E7A12C /* Camera */ = {
			isa = PBXGroup;
			children = (
				149B2B7420F3423100E7A12C /* Camera.cpp */,
				149B2B7520F3423100E7A12C /* Camera.hpp */,
			);
			path = Camera;
			sourceTree = "<group>";
		};
		149B2B7620F3423100E7A12C /* GLErrorCheck */ = {
			isa = PBXGroup;
			children = (
				149B2B7720F3423100E7A12C /* GLErrorCheck.cpp */,
				149B2B7820F3423100E7A12C /* GLErrorCheck.hpp */,
			);
			path = GLErrorCheck;
			sourceTree = "<group>";
		};
		149B2B7920F3423100E7A12C /* Glad */ = {
			isa = PBXGroup;
			children = (
				149B2B7A20F3423100E7A12C /* glad.c */,
			);
			path = Glad;
			sourceTree = "<group>";
		};
		149B2B7B20F3423100E7A12C /* Model */ = {
			isa = PBXGroup;
			children = (
				149B2B7C20F3423100E7A12C /* Model.hpp */,
				149B2B7D20F3423100E7A12C /* Model.cpp */,
			);
			path = Model;
			sourceTree = "<group>";
		};
		149B2B7E20F3423100E7A12C /* StbImage */ = {
			isa = PBXGroup;
			children = (
				149B2B7F20F3423100E7A12C /* stb_image.h */,
			);
			path = StbImage;
			sourceTree = "<group>";
		};
		149B2B8020F3423100E7A12C /* Texture */ = {
			isa = PBXGroup;
			children = (
				149B2B8120F3423100E7A12C /* Texture.cpp */,
				149B2B8220F3423100E7A12C /* Texture.hpp */,
			);
			path = Texture;
			sourceTree = "<group>";
		};
		149B2B8320F3423100E7A12C /* Shader */ = {
			isa = PBXGroup;
			children = (
				149B2B8420F3423100E7A12C /* Shader.cpp */,
				149B2B8520F3423100E7A12C /* Shader.hpp */,
			);
			path = Shader;
			sourceTree = "<group>";
		};
		149B2B8D20F3423100E7A12C /* Transform */ = {
			isa = PBXGroup;
			children = (
				149B2B8E20F3423100E7A12C /* Transform.hpp */,
				149B2B8F20F3423100E7A12C /* Transform.cpp */,
			);
			path = Transform;
			sourceTree = "<group>";
		};
/* End PBXGroup section */

/* Begin PBXNativeTarget section */
		1469D44F20B8392800253E02 /* InstancingAsteroidBelt */ = {
			isa = PBXNativeTarget;
			buildConfigurationList = 1469D45720B8392800253E02 /* Build configuration list for PBXNativeTarget "InstancingAsteroidBelt" */;
			buildPhases = (
				1469D44C20B8392800253E02 /* Sources */,
				1469D44D20B8392800253E02 /* Frameworks */,
				1469D44E20B8392800253E02 /* CopyFiles */,
			);
			buildRules = (
			);
			dependencies = (
			);
			name = InstancingAsteroidBelt;
			productName = InstancingAsteroidBelt;
			productReference = 1469D45020B8392800253E02 /* InstancingAsteroidBelt */;
			productType = "com.apple.product-type.tool";
		};
/* End PBXNativeTarget section */

/* Begin PBXProject section */
		1469D44820B8392800253E02 /* Project object */ = {
			isa = PBXProject;
			attributes = {
				LastUpgradeCheck = 0930;
				ORGANIZATIONNAME = shenyuanluo;
				TargetAttributes = {
					1469D44F20B8392800253E02 = {
						CreatedOnToolsVersion = 9.3.1;
					};
				};
			};
			buildConfigurationList = 1469D44B20B8392800253E02 /* Build configuration list for PBXProject "InstancingAsteroidBelt" */;
			compatibilityVersion = "Xcode 9.3";
			developmentRegion = en;
			hasScannedForEncodings = 0;
			knownRegions = (
				en,
			);
			mainGroup = 1469D44720B8392800253E02;
			productRefGroup = 1469D45120B8392800253E02 /* Products */;
			projectDirPath = "";
			projectRoot = "";
			targets = (
				1469D44F20B8392800253E02 /* InstancingAsteroidBelt */,
			);
		};
/* End PBXProject section */

/* Begin PBXSourcesBuildPhase section */
		1469D44C20B8392800253E02 /* Sources */ = {
			isa = PBXSourcesBuildPhase;
			buildActionMask = 2147483647;
			files = (
				149B2BCE20F3423100E7A12C /* Transform.cpp in Sources */,
				149B2BC620F3423100E7A12C /* GLErrorCheck.cpp in Sources */,
				149B2BC320F3423100E7A12C /* Mesh.cpp in Sources */,
				149B2BC920F3423100E7A12C /* Texture.cpp in Sources */,
				149B2BCA20F3423100E7A12C /* Shader.cpp in Sources */,
				149B2BC820F3423100E7A12C /* Model.cpp in Sources */,
				149B2BC520F3423100E7A12C /* Camera.cpp in Sources */,
				1469D4D120B83E5900253E02 /* Window.cpp in Sources */,
				1469D45420B8392800253E02 /* main.cpp in Sources */,
				149B2BC720F3423100E7A12C /* glad.c in Sources */,
			);
			runOnlyForDeploymentPostprocessing = 0;
		};
/* End PBXSourcesBuildPhase section */

/* Begin XCBuildConfiguration section */
		1469D45520B8392800253E02 /* Debug */ = {
			isa = XCBuildConfiguration;
			buildSettings = {
				ALWAYS_SEARCH_USER_PATHS = NO;
				CLANG_ANALYZER_NONNULL = YES;
				CLANG_ANALYZER_NUMBER_OBJECT_CONVERSION = YES_AGGRESSIVE;
				CLANG_CXX_LANGUAGE_STANDARD = "gnu++14";
				CLANG_CXX_LIBRARY = "libc++";
				CLANG_ENABLE_MODULES = YES;
				CLANG_ENABLE_OBJC_ARC = YES;
				CLANG_ENABLE_OBJC_WEAK = YES;
				CLANG_WARN_BLOCK_CAPTURE_AUTORELEASING = YES;
				CLANG_WARN_BOOL_CONVERSION = YES;
				CLANG_WARN_COMMA = YES;
				CLANG_WARN_CONSTANT_CONVERSION = YES;
				CLANG_WARN_DEPRECATED_OBJC_IMPLEMENTATIONS = YES;
				CLANG_WARN_DIRECT_OBJC_ISA_USAGE = YES_ERROR;
				CLANG_WARN_DOCUMENTATION_COMMENTS = YES;
				CLANG_WARN_EMPTY_BODY = YES;
				CLANG_WARN_ENUM_CONVERSION = YES;
				CLANG_WARN_INFINITE_RECURSION = YES;
				CLANG_WARN_INT_CONVERSION = YES;
				CLANG_WARN_NON_LITERAL_NULL_CONVERSION = YES;
				CLANG_WARN_OBJC_IMPLICIT_RETAIN_SELF = YES;
				CLANG_WARN_OBJC_LITERAL_CONVERSION = YES;
				CLANG_WARN_OBJC_ROOT_CLASS = YES_ERROR;
				CLANG_WARN_RANGE_LOOP_ANALYSIS = YES;
				CLANG_WARN_STRICT_PROTOTYPES = YES;
				CLANG_WARN_SUSPICIOUS_MOVE = YES;
				CLANG_WARN_UNGUARDED_AVAILABILITY = YES_AGGRESSIVE;
				CLANG_WARN_UNREACHABLE_CODE = YES;
				CLANG_WARN__DUPLICATE_METHOD_MATCH = YES;
				CODE_SIGN_IDENTITY = "-";
				COPY_PHASE_STRIP = NO;
				DEBUG_INFORMATION_FORMAT = dwarf;
				ENABLE_STRICT_OBJC_MSGSEND = YES;
				ENABLE_TESTABILITY = YES;
				GCC_C_LANGUAGE_STANDARD = gnu11;
				GCC_DYNAMIC_NO_PIC = NO;
				GCC_NO_COMMON_BLOCKS = YES;
				GCC_OPTIMIZATION_LEVEL = 0;
				GCC_PREPROCESSOR_DEFINITIONS = (
					"DEBUG=1",
					"$(inherited)",
				);
				GCC_WARN_64_TO_32_BIT_CONVERSION = YES;
				GCC_WARN_ABOUT_RETURN_TYPE = YES_ERROR;
				GCC_WARN_UNDECLARED_SELECTOR = YES;
				GCC_WARN_UNINITIALIZED_AUTOS = YES_AGGRESSIVE;
				GCC_WARN_UNUSED_FUNCTION = YES;
				GCC_WARN_UNUSED_VARIABLE = YES;
				MACOSX_DEPLOYMENT_TARGET = 10.13;
				MTL_ENABLE_DEBUG_INFO = YES;
				ONLY_ACTIVE_ARCH = YES;
				SDKROOT = macosx;
			};
			name = Debug;
		};
		1469D45620B8392800253E02 /* Release */ = {
			isa = XCBuildConfiguration;
			buildSettings = {
				ALWAYS_SEARCH_USER_PATHS = NO;
				CLANG_ANALYZER_NONNULL = YES;
				CLANG_ANALYZER_NUMBER_OBJECT_CONVERSION = YES_AGGRESSIVE;
				CLANG_CXX_LANGUAGE_STANDARD = "gnu++14";
				CLANG_CXX_LIBRARY = "libc++";
				CLANG_ENABLE_MODULES = YES;
				CLANG_ENABLE_OBJC_ARC = YES;
				CLANG_ENABLE_OBJC_WEAK = YES;
				CLANG_WARN_BLOCK_CAPTURE_AUTORELEASING = YES;
				CLANG_WARN_BOOL_CONVERSION = YES;
				CLANG_WARN_COMMA = YES;
				CLANG_WARN_CONSTANT_CONVERSION = YES;
				CLANG_WARN_DEPRECATED_OBJC_IMPLEMENTATIONS = YES;
				CLANG_WARN_DIRECT_OBJC_ISA_USAGE = YES_ERROR;
				CLANG_WARN_DOCUMENTATION_COMMENTS = YES;
				CLANG_WARN_EMPTY_BODY = YES;
				CLANG_WARN_ENUM_CONVERSION = YES;
				CLANG_WARN_INFINITE_RECURSION = YES;
				CLANG_WARN_INT_CONVERSION = YES;
				CLANG_WARN_NON_LITERAL_NULL_CONVERSION = YES;
				CLANG_WARN_OBJC_IMPLICIT_RETAIN_SELF = YES;
				CLANG_WARN_OBJC_LITERAL_CONVERSION = YES;
				CLANG_WARN_OBJC_ROOT_CLASS = YES_ERROR;
				CLANG_WARN_RANGE_LOOP_ANALYSIS = YES;
				CLANG_WARN_STRICT_PROTOTYPES = YES;
				CLANG_WARN_SUSPICIOUS_MOVE = YES;
				CLANG_WARN_UNGUARDED_AVAILABILITY = YES_AGGRESSIVE;
				CLANG_WARN_UNREACHABLE_CODE = YES;
				CLANG_WARN__DUPLICATE_METHOD_MATCH = YES;
				CODE_SIGN_IDENTITY = "-";
				COPY_PHASE_STRIP = NO;
				DEBUG_INFORMATION_FORMAT = "dwarf-with-dsym";
				ENABLE_NS_ASSERTIONS = NO;
				ENABLE_STRICT_OBJC_MSGSEND = YES;
				GCC_C_LANGUAGE_STANDARD = gnu11;
				GCC_NO_COMMON_BLOCKS = YES;
				GCC_WARN_64_TO_32_BIT_CONVERSION = YES;
				GCC_WARN_ABOUT_RETURN_TYPE = YES_ERROR;
				GCC_WARN_UNDECLARED_SELECTOR = YES;
				GCC_WARN_UNINITIALIZED_AUTOS = YES_AGGRESSIVE;
				GCC_WARN_UNUSED_FUNCTION = YES;
				GCC_WARN_UNUSED_VARIABLE = YES;
				MACOSX_DEPLOYMENT_TARGET = 10.13;
				MTL_ENABLE_DEBUG_INFO = NO;
				SDKROOT = macosx;
			};
			name = Release;
		};
		1469D45820B8392800253E02 /* Debug */ = {
			isa = XCBuildConfiguration;
			buildSettings = {
				CODE_SIGN_STYLE = Automatic;
				HEADER_SEARCH_PATHS = (
					/usr/local/include,
					"/Users/shenyuanluo/GLM_Source/glm/**",
				);
				LIBRARY_SEARCH_PATHS = /usr/local/lib;
				PRODUCT_NAME = "$(TARGET_NAME)";
			};
			name = Debug;
		};
		1469D45920B8392800253E02 /* Release */ = {
			isa = XCBuildConfiguration;
			buildSettings = {
				CODE_SIGN_STYLE = Automatic;
				HEADER_SEARCH_PATHS = (
					/usr/local/include,
					"/Users/shenyuanluo/GLM_Source/glm/**",
				);
				LIBRARY_SEARCH_PATHS = /usr/local/lib;
				PRODUCT_NAME = "$(TARGET_NAME)";
			};
			name = Release;
		};
/* End XCBuildConfiguration section */

/* Begin XCConfigurationList section */
		1469D44B20B8392800253E02 /* Build configuration list for PBXProject "InstancingAsteroidBelt" */ = {
			isa = XCConfigurationList;
			buildConfigurations = (
				1469D45520B8392800253E02 /* Debug */,
				1469D45620B8392800253E02 /* Release */,
			);
			defaultConfigurationIsVisible = 0;
			defaultConfigurationName = Release;
		};
		1469D45720B8392800253E02 /* Build configuration list for PBXNativeTarget "InstancingAsteroidBelt" */ = {
			isa = XCConfigurationList;
			buildConfigurations = (
				1469D45820B8392800253E02 /* Debug */,
				1469D45920B8392800253E02 /* Release */,
			);
			defaultConfigurationIsVisible = 0;
			defaultConfigurationName = Release;
		};
/* End XCConfigurationList section */
	};
	rootObject = 1469D44820B8392800253E02 /* Project object */;
}
